# This file is autogenerated, do not edit; changes may be undone by the next 'dep ensure'.


[[projects]]
  branch = "master"
  digest = "1:47b9b547d332859d44bf5dff6f5eca276dc1991e385e869d3ba9ba436f8de782"
  name = "github.com/boltdb/bolt"
  packages = ["."]
  pruneopts = ""
  revision = "fd01fc79c553a8e99d512a07e8e0c63d4a3ccfc5"

[[projects]]
  branch = "master"
  digest = "1:eff13838b1d1a0526946b133231283f25df1268b96d75c9ad4e5c71a26838be0"
  name = "github.com/zdnscloud/cement"
  packages = ["unittest"]
  pruneopts = ""
  revision = "7eb205536ab847a023df949a9d333c0f41bfd9f3"

[[projects]]
  branch = "master"
  digest = "1:a8266488eb6ecc85c48cc604c0c0ccd32d9de7933eef15f8f1ff308e337a5c21"
  name = "golang.org/x/sys"
  packages = ["unix"]
  pruneopts = ""
  revision = "543471e840be449c53d44b32c7adf1261ad67e37"

[solve-meta]
  analyzer-name = "dep"
  analyzer-version = 1
  input-imports = [
    "github.com/boltdb/bolt",
    "github.com/zdnscloud/cement/unittest",
  ]
  solver-name = "gps-cdcl"
  solver-version = 1
